
Microsoft Visual Studio Solution File, Format Version 12.00
# Visual Studio Version 17
VisualStudioVersion = 17.7.34024.191
MinimumVisualStudioVersion = 10.0.40219.1
Project("{FAE04EC0-301F-11D3-BF4B-00C04F79EFBC}") = "HTruyen.API", "HTruyen.API\HTruyen.API.csproj", "{AB3A043F-E8B0-4476-AC46-9CE4D02429CE}"
EndProject
Project("{FAE04EC0-301F-11D3-BF4B-00C04F79EFBC}") = "Core", "Core\Core.csproj", "{8739FBED-8B20-4842-B389-833E97E7786E}"
EndProject
Project("{FAE04EC0-301F-11D3-BF4B-00C04F79EFBC}") = "Infrastructure", "Infrastructure\Infrastructure.csproj", "{F91C2457-E2C0-4251-B42A-16213EC4C37F}"
EndProject
Global
	GlobalSection(SolutionConfigurationPlatforms) = preSolution
		Debug|Any CPU = Debug|Any CPU
		Release|Any CPU = Release|Any CPU
	EndGlobalSection
	GlobalSection(ProjectConfigurationPlatforms) = postSolution
		{AB3A043F-E8B0-4476-AC46-9CE4D02429CE}.Debug|Any CPU.ActiveCfg = Debug|Any CPU
		{AB3A043F-E8B0-4476-AC46-9CE4D02429CE}.Debug|Any CPU.Build.0 = Debug|Any CPU
		{AB3A043F-E8B0-4476-AC46-9CE4D02429CE}.Release|Any CPU.ActiveCfg = Release|Any CPU
		{AB3A043F-E8B0-4476-AC46-9CE4D02429CE}.Release|Any CPU.Build.0 = Release|Any CPU
		{8739FBED-8B20-4842-B389-833E97E7786E}.Debug|Any CPU.ActiveCfg = Debug|Any CPU
		{8739FBED-8B20-4842-B389-833E97E7786E}.Debug|Any CPU.Build.0 = Debug|Any CPU
		{8739FBED-8B20-4842-B389-833E97E7786E}.Release|Any CPU.ActiveCfg = Release|Any CPU
		{8739FBED-8B20-4842-B389-833E97E7786E}.Release|Any CPU.Build.0 = Release|Any CPU
		{F91C2457-E2C0-4251-B42A-16213EC4C37F}.Debug|Any CPU.ActiveCfg = Debug|Any CPU
		{F91C2457-E2C0-4251-B42A-16213EC4C37F}.Debug|Any CPU.Build.0 = Debug|Any CPU
		{F91C2457-E2C0-4251-B42A-16213EC4C37F}.Release|Any CPU.ActiveCfg = Release|Any CPU
		{F91C2457-E2C0-4251-B42A-16213EC4C37F}.Release|Any CPU.Build.0 = Release|Any CPU
	EndGlobalSection
	GlobalSection(SolutionProperties) = preSolution
		HideSolutionNode = FALSE
	EndGlobalSection
	GlobalSection(ExtensibilityGlobals) = postSolution
		SolutionGuid = {6C259A31-CF4C-41EC-8457-4F6B06292A8C}
	EndGlobalSection
EndGlobal
